{
    "_meta": {
        "hash": {
            "sha256": "e1fd2e2edb11170e38f3e6963b653979bbfc69369a300a75781da34cf87ae493"
        },
        "pipfile-spec": 6,
        "requires": {
            "python_version": "3.9"
        },
        "sources": [
            {
                "name": "pypi",
                "url": "https://pypi.org/simple",
                "verify_ssl": true
            }
        ]
    },
    "default": {
        "quick-mailer": {
            "hashes": [
                "sha256:2f58e093ac8772370ca5a2dfd1f3bd6cd1c9bc840559a26106d04c37bbe736c8",
                "sha256:67b9169c20d26894241104ad039dc8bceb2073745f5caded96a903cf2970f00e"
            ],
            "index": "pypi",
            "version": "==0.1.0"
        }
    },
    "develop": {}
}
